
Microsoft Visual Studio Solution File, Format Version 11.00
# Visual Studio 2010
Project("{FAE04EC0-301F-11D3-BF4B-00C04F79EFBC}") = "Neith.Signpost", "Neith.Signpost\Neith.Signpost.csproj", "{549425C9-57C5-4A10-9A8E-FEE932C6D40B}"
EndProject
Project("{FAE04EC0-301F-11D3-BF4B-00C04F79EFBC}") = "Neith.Logger.Model", "Neith.Logger.Model\Neith.Logger.Model.csproj", "{1CE96F5C-03B9-451F-BFB5-F8D91449CB29}"
EndProject
Project("{FAE04EC0-301F-11D3-BF4B-00C04F79EFBC}") = "Neith.Logger", "Neith.Logger\Neith.Logger.csproj", "{9B689198-1C03-4668-B107-80051CCCDEA1}"
EndProject
Project("{2150E333-8FDC-42A3-9474-1A3956D46DE8}") = "app", "app", "{3277BD41-AC38-4941-9286-E289BF28CF33}"
EndProject
Project("{2150E333-8FDC-42A3-9474-1A3956D46DE8}") = "externals", "externals", "{527E455E-BB8F-4C65-B8BB-4955439051B5}"
EndProject
Project("{2150E333-8FDC-42A3-9474-1A3956D46DE8}") = "Neith", "Neith", "{E580569C-5BE6-4AD6-87EF-7BD154046060}"
EndProject
Project("{FAE04EC0-301F-11D3-BF4B-00C04F79EFBC}") = "Neith.Util", "..\..\..\neith-base\Neith.Util\src\Neith.Util\Neith.Util.csproj", "{B5385976-C31F-42DF-B1DB-54EA0F98FDC3}"
EndProject
Project("{FAE04EC0-301F-11D3-BF4B-00C04F79EFBC}") = "Neith.Util.Extensions", "..\..\..\neith-base\Neith.Util\src\Neith.Util.Extensions\Neith.Util.Extensions.csproj", "{BDAA1A4C-C085-49B4-969D-84E1B2428E9D}"
EndProject
Project("{FAE04EC0-301F-11D3-BF4B-00C04F79EFBC}") = "Neith.Util.RX", "..\..\..\neith-base\Neith.Util\src\Neith.Util.RX\Neith.Util.RX.csproj", "{C8B06C95-1B5D-4811-99C4-341B7109BC30}"
EndProject
Project("{2150E333-8FDC-42A3-9474-1A3956D46DE8}") = "other", "other", "{D9750C4C-6A0B-4BDD-9342-B9C334013B60}"
EndProject
Project("{FAE04EC0-301F-11D3-BF4B-00C04F79EFBC}") = "StickyWindowLibrary", "..\..\..\neith-base\externals\StickyWindowWinWpfLibrary\StickyWindowLibrary\StickyWindowLibrary.csproj", "{AF76FEA7-CD9D-4093-B617-BC9C44DE99C6}"
EndProject
Global
	GlobalSection(SolutionConfigurationPlatforms) = preSolution
		Debug|Any CPU = Debug|Any CPU
		Release|Any CPU = Release|Any CPU
	EndGlobalSection
	GlobalSection(ProjectConfigurationPlatforms) = postSolution
		{549425C9-57C5-4A10-9A8E-FEE932C6D40B}.Debug|Any CPU.ActiveCfg = Debug|Any CPU
		{549425C9-57C5-4A10-9A8E-FEE932C6D40B}.Debug|Any CPU.Build.0 = Debug|Any CPU
		{549425C9-57C5-4A10-9A8E-FEE932C6D40B}.Release|Any CPU.ActiveCfg = Release|Any CPU
		{549425C9-57C5-4A10-9A8E-FEE932C6D40B}.Release|Any CPU.Build.0 = Release|Any CPU
		{1CE96F5C-03B9-451F-BFB5-F8D91449CB29}.Debug|Any CPU.ActiveCfg = Debug|Any CPU
		{1CE96F5C-03B9-451F-BFB5-F8D91449CB29}.Debug|Any CPU.Build.0 = Debug|Any CPU
		{1CE96F5C-03B9-451F-BFB5-F8D91449CB29}.Release|Any CPU.ActiveCfg = Release|Any CPU
		{1CE96F5C-03B9-451F-BFB5-F8D91449CB29}.Release|Any CPU.Build.0 = Release|Any CPU
		{9B689198-1C03-4668-B107-80051CCCDEA1}.Debug|Any CPU.ActiveCfg = Debug|Any CPU
		{9B689198-1C03-4668-B107-80051CCCDEA1}.Debug|Any CPU.Build.0 = Debug|Any CPU
		{9B689198-1C03-4668-B107-80051CCCDEA1}.Release|Any CPU.ActiveCfg = Release|Any CPU
		{9B689198-1C03-4668-B107-80051CCCDEA1}.Release|Any CPU.Build.0 = Release|Any CPU
		{B5385976-C31F-42DF-B1DB-54EA0F98FDC3}.Debug|Any CPU.ActiveCfg = Debug|Any CPU
		{B5385976-C31F-42DF-B1DB-54EA0F98FDC3}.Debug|Any CPU.Build.0 = Debug|Any CPU
		{B5385976-C31F-42DF-B1DB-54EA0F98FDC3}.Release|Any CPU.ActiveCfg = Release|Any CPU
		{B5385976-C31F-42DF-B1DB-54EA0F98FDC3}.Release|Any CPU.Build.0 = Release|Any CPU
		{BDAA1A4C-C085-49B4-969D-84E1B2428E9D}.Debug|Any CPU.ActiveCfg = Debug|Any CPU
		{BDAA1A4C-C085-49B4-969D-84E1B2428E9D}.Debug|Any CPU.Build.0 = Debug|Any CPU
		{BDAA1A4C-C085-49B4-969D-84E1B2428E9D}.Release|Any CPU.ActiveCfg = Release|Any CPU
		{BDAA1A4C-C085-49B4-969D-84E1B2428E9D}.Release|Any CPU.Build.0 = Release|Any CPU
		{C8B06C95-1B5D-4811-99C4-341B7109BC30}.Debug|Any CPU.ActiveCfg = Debug|Any CPU
		{C8B06C95-1B5D-4811-99C4-341B7109BC30}.Debug|Any CPU.Build.0 = Debug|Any CPU
		{C8B06C95-1B5D-4811-99C4-341B7109BC30}.Release|Any CPU.ActiveCfg = Release|Any CPU
		{C8B06C95-1B5D-4811-99C4-341B7109BC30}.Release|Any CPU.Build.0 = Release|Any CPU
		{AF76FEA7-CD9D-4093-B617-BC9C44DE99C6}.Debug|Any CPU.ActiveCfg = Debug|Any CPU
		{AF76FEA7-CD9D-4093-B617-BC9C44DE99C6}.Debug|Any CPU.Build.0 = Debug|Any CPU
		{AF76FEA7-CD9D-4093-B617-BC9C44DE99C6}.Release|Any CPU.ActiveCfg = Release|Any CPU
		{AF76FEA7-CD9D-4093-B617-BC9C44DE99C6}.Release|Any CPU.Build.0 = Release|Any CPU
	EndGlobalSection
	GlobalSection(SolutionProperties) = preSolution
		HideSolutionNode = FALSE
	EndGlobalSection
	GlobalSection(NestedProjects) = preSolution
		{1CE96F5C-03B9-451F-BFB5-F8D91449CB29} = {3277BD41-AC38-4941-9286-E289BF28CF33}
		{9B689198-1C03-4668-B107-80051CCCDEA1} = {3277BD41-AC38-4941-9286-E289BF28CF33}
		{549425C9-57C5-4A10-9A8E-FEE932C6D40B} = {3277BD41-AC38-4941-9286-E289BF28CF33}
		{E580569C-5BE6-4AD6-87EF-7BD154046060} = {527E455E-BB8F-4C65-B8BB-4955439051B5}
		{D9750C4C-6A0B-4BDD-9342-B9C334013B60} = {527E455E-BB8F-4C65-B8BB-4955439051B5}
		{B5385976-C31F-42DF-B1DB-54EA0F98FDC3} = {E580569C-5BE6-4AD6-87EF-7BD154046060}
		{BDAA1A4C-C085-49B4-969D-84E1B2428E9D} = {E580569C-5BE6-4AD6-87EF-7BD154046060}
		{C8B06C95-1B5D-4811-99C4-341B7109BC30} = {E580569C-5BE6-4AD6-87EF-7BD154046060}
		{AF76FEA7-CD9D-4093-B617-BC9C44DE99C6} = {D9750C4C-6A0B-4BDD-9342-B9C334013B60}
	EndGlobalSection
EndGlobal
