
Microsoft Visual Studio Solution File, Format Version 11.00
# Visual Studio 2010
Project("{FAE04EC0-301F-11D3-BF4B-00C04F79EFBC}") = "Neith.Signpost", "Neith.Signpost\Neith.Signpost.csproj", "{8B211AE4-F041-4BEF-9754-4DE90C0646CD}"
	ProjectSection(ProjectDependencies) = postProject
		{8ED8F826-00E9-4413-BB54-3603D3A0C52D} = {8ED8F826-00E9-4413-BB54-3603D3A0C52D}
	EndProjectSection
EndProject
Project("{FAE04EC0-301F-11D3-BF4B-00C04F79EFBC}") = "Neith.Signpost.Services", "Neith.Signpost.Services\Neith.Signpost.Services.csproj", "{EB3132DB-7653-4FEF-A575-F4E40E7E5DA1}"
EndProject
Project("{FAE04EC0-301F-11D3-BF4B-00C04F79EFBC}") = "Neith.Util", "..\..\Neith.Util\src\Neith.Util\Neith.Util.csproj", "{B5385976-C31F-42DF-B1DB-54EA0F98FDC3}"
EndProject
Project("{FAE04EC0-301F-11D3-BF4B-00C04F79EFBC}") = "Neith.Util.Extend", "..\..\Neith.Util\src\Neith.Util.Extend\Neith.Util.Extend.csproj", "{7CCFE4BD-A210-41E1-8589-80C3AC49DB2E}"
EndProject
Project("{FAE04EC0-301F-11D3-BF4B-00C04F79EFBC}") = "Neith.Util.Extensions", "..\..\Neith.Util\src\Neith.Util.Extensions\Neith.Util.Extensions.csproj", "{BDAA1A4C-C085-49B4-969D-84E1B2428E9D}"
EndProject
Project("{2150E333-8FDC-42A3-9474-1A3956D46DE8}") = "Util", "Util", "{361C60DC-153B-4533-942A-410D4858D532}"
EndProject
Project("{2150E333-8FDC-42A3-9474-1A3956D46DE8}") = "App", "App", "{6813B7F4-E541-4441-815A-E4A6FA1DFCD1}"
EndProject
Project("{2150E333-8FDC-42A3-9474-1A3956D46DE8}") = "Models", "Models", "{4C913BDA-3562-4D1A-A867-73A3AB25F254}"
EndProject
Project("{FAE04EC0-301F-11D3-BF4B-00C04F79EFBC}") = "Neith.Signpost.SL", "Neith.Signpost.SL\Neith.Signpost.SL.csproj", "{8ED8F826-00E9-4413-BB54-3603D3A0C52D}"
EndProject
Project("{FAE04EC0-301F-11D3-BF4B-00C04F79EFBC}") = "Neith.Signpost.Services.SL", "Neith.Signpost.Services.SL\Neith.Signpost.Services.SL.csproj", "{856B7049-9B9C-4F1E-9207-51FBA5C3E99F}"
EndProject
Project("{FAE04EC0-301F-11D3-BF4B-00C04F79EFBC}") = "Neith.Signpost.Phone", "Neith.Signpost.Phone\Neith.Signpost.Phone.csproj", "{52609794-4919-494B-9EE8-AE006D332AF5}"
EndProject
Project("{FAE04EC0-301F-11D3-BF4B-00C04F79EFBC}") = "Neith.Util.RX", "..\..\Neith.Util\src\Neith.Util.RX\Neith.Util.RX.csproj", "{C8B06C95-1B5D-4811-99C4-341B7109BC30}"
EndProject
Project("{FAE04EC0-301F-11D3-BF4B-00C04F79EFBC}") = "Neith.Util.Input", "..\..\Neith.Util\src\Neith.Util.Input\Neith.Util.Input.csproj", "{A565D9FB-64E0-420C-A8A9-5F852EBA440E}"
EndProject
Project("{FAE04EC0-301F-11D3-BF4B-00C04F79EFBC}") = "Neith.Util.Async", "..\..\Neith.Util\src\Neith.Util.Async\Neith.Util.Async.csproj", "{C613478F-0EE8-4FA3-A781-6A9D4CE6F460}"
EndProject
Project("{2150E333-8FDC-42A3-9474-1A3956D46DE8}") = "Logging", "Logging", "{3AAFA25B-33C7-400F-81D2-425CEBEDFA18}"
EndProject
Project("{FAE04EC0-301F-11D3-BF4B-00C04F79EFBC}") = "Neith.Signpost.Logger", "Neith.Signpost.Logger\Neith.Signpost.Logger.csproj", "{3D345814-F3CF-4B93-917E-B65B5B01F29B}"
EndProject
Project("{FAE04EC0-301F-11D3-BF4B-00C04F79EFBC}") = "FFXIVRuby", "..\..\externals\FFXIVRuby\FFXIVRuby.csproj", "{0B48D7FB-E505-4697-8467-000693B52D88}"
EndProject
Project("{FAE04EC0-301F-11D3-BF4B-00C04F79EFBC}") = "Neith.Signpost.Logger.Model", "Neith.Signpost.Logger.Model\Neith.Signpost.Logger.Model.csproj", "{897445EE-7697-47F5-9558-C9EFA88CF249}"
EndProject
Project("{FAE04EC0-301F-11D3-BF4B-00C04F79EFBC}") = "Neith.Sterling", "..\..\Neith.Util\src\Neith.Sterling\Neith.Sterling.csproj", "{9C8383C1-3C40-4A7A-8AA5-41FF21720C7B}"
EndProject
Global
	GlobalSection(SolutionConfigurationPlatforms) = preSolution
		Debug|Any CPU = Debug|Any CPU
		Release|Any CPU = Release|Any CPU
	EndGlobalSection
	GlobalSection(ProjectConfigurationPlatforms) = postSolution
		{8B211AE4-F041-4BEF-9754-4DE90C0646CD}.Debug|Any CPU.ActiveCfg = Debug|Any CPU
		{8B211AE4-F041-4BEF-9754-4DE90C0646CD}.Debug|Any CPU.Build.0 = Debug|Any CPU
		{8B211AE4-F041-4BEF-9754-4DE90C0646CD}.Release|Any CPU.ActiveCfg = Release|Any CPU
		{8B211AE4-F041-4BEF-9754-4DE90C0646CD}.Release|Any CPU.Build.0 = Release|Any CPU
		{EB3132DB-7653-4FEF-A575-F4E40E7E5DA1}.Debug|Any CPU.ActiveCfg = Debug|Any CPU
		{EB3132DB-7653-4FEF-A575-F4E40E7E5DA1}.Debug|Any CPU.Build.0 = Debug|Any CPU
		{EB3132DB-7653-4FEF-A575-F4E40E7E5DA1}.Release|Any CPU.ActiveCfg = Release|Any CPU
		{EB3132DB-7653-4FEF-A575-F4E40E7E5DA1}.Release|Any CPU.Build.0 = Release|Any CPU
		{B5385976-C31F-42DF-B1DB-54EA0F98FDC3}.Debug|Any CPU.ActiveCfg = Debug|Any CPU
		{B5385976-C31F-42DF-B1DB-54EA0F98FDC3}.Debug|Any CPU.Build.0 = Debug|Any CPU
		{B5385976-C31F-42DF-B1DB-54EA0F98FDC3}.Release|Any CPU.ActiveCfg = Release|Any CPU
		{B5385976-C31F-42DF-B1DB-54EA0F98FDC3}.Release|Any CPU.Build.0 = Release|Any CPU
		{7CCFE4BD-A210-41E1-8589-80C3AC49DB2E}.Debug|Any CPU.ActiveCfg = Debug|Any CPU
		{7CCFE4BD-A210-41E1-8589-80C3AC49DB2E}.Debug|Any CPU.Build.0 = Debug|Any CPU
		{7CCFE4BD-A210-41E1-8589-80C3AC49DB2E}.Release|Any CPU.ActiveCfg = Release|Any CPU
		{7CCFE4BD-A210-41E1-8589-80C3AC49DB2E}.Release|Any CPU.Build.0 = Release|Any CPU
		{BDAA1A4C-C085-49B4-969D-84E1B2428E9D}.Debug|Any CPU.ActiveCfg = Debug|Any CPU
		{BDAA1A4C-C085-49B4-969D-84E1B2428E9D}.Debug|Any CPU.Build.0 = Debug|Any CPU
		{BDAA1A4C-C085-49B4-969D-84E1B2428E9D}.Release|Any CPU.ActiveCfg = Release|Any CPU
		{BDAA1A4C-C085-49B4-969D-84E1B2428E9D}.Release|Any CPU.Build.0 = Release|Any CPU
		{8ED8F826-00E9-4413-BB54-3603D3A0C52D}.Debug|Any CPU.ActiveCfg = Debug|Any CPU
		{8ED8F826-00E9-4413-BB54-3603D3A0C52D}.Debug|Any CPU.Build.0 = Debug|Any CPU
		{8ED8F826-00E9-4413-BB54-3603D3A0C52D}.Release|Any CPU.ActiveCfg = Release|Any CPU
		{8ED8F826-00E9-4413-BB54-3603D3A0C52D}.Release|Any CPU.Build.0 = Release|Any CPU
		{856B7049-9B9C-4F1E-9207-51FBA5C3E99F}.Debug|Any CPU.ActiveCfg = Debug|Any CPU
		{856B7049-9B9C-4F1E-9207-51FBA5C3E99F}.Debug|Any CPU.Build.0 = Debug|Any CPU
		{856B7049-9B9C-4F1E-9207-51FBA5C3E99F}.Release|Any CPU.ActiveCfg = Release|Any CPU
		{856B7049-9B9C-4F1E-9207-51FBA5C3E99F}.Release|Any CPU.Build.0 = Release|Any CPU
		{52609794-4919-494B-9EE8-AE006D332AF5}.Debug|Any CPU.ActiveCfg = Debug|Any CPU
		{52609794-4919-494B-9EE8-AE006D332AF5}.Debug|Any CPU.Build.0 = Debug|Any CPU
		{52609794-4919-494B-9EE8-AE006D332AF5}.Debug|Any CPU.Deploy.0 = Debug|Any CPU
		{52609794-4919-494B-9EE8-AE006D332AF5}.Release|Any CPU.ActiveCfg = Release|Any CPU
		{52609794-4919-494B-9EE8-AE006D332AF5}.Release|Any CPU.Build.0 = Release|Any CPU
		{52609794-4919-494B-9EE8-AE006D332AF5}.Release|Any CPU.Deploy.0 = Release|Any CPU
		{C8B06C95-1B5D-4811-99C4-341B7109BC30}.Debug|Any CPU.ActiveCfg = Debug|Any CPU
		{C8B06C95-1B5D-4811-99C4-341B7109BC30}.Debug|Any CPU.Build.0 = Debug|Any CPU
		{C8B06C95-1B5D-4811-99C4-341B7109BC30}.Release|Any CPU.ActiveCfg = Release|Any CPU
		{C8B06C95-1B5D-4811-99C4-341B7109BC30}.Release|Any CPU.Build.0 = Release|Any CPU
		{A565D9FB-64E0-420C-A8A9-5F852EBA440E}.Debug|Any CPU.ActiveCfg = Debug|Any CPU
		{A565D9FB-64E0-420C-A8A9-5F852EBA440E}.Debug|Any CPU.Build.0 = Debug|Any CPU
		{A565D9FB-64E0-420C-A8A9-5F852EBA440E}.Release|Any CPU.ActiveCfg = Release|Any CPU
		{A565D9FB-64E0-420C-A8A9-5F852EBA440E}.Release|Any CPU.Build.0 = Release|Any CPU
		{C613478F-0EE8-4FA3-A781-6A9D4CE6F460}.Debug|Any CPU.ActiveCfg = Debug|Any CPU
		{C613478F-0EE8-4FA3-A781-6A9D4CE6F460}.Debug|Any CPU.Build.0 = Debug|Any CPU
		{C613478F-0EE8-4FA3-A781-6A9D4CE6F460}.Release|Any CPU.ActiveCfg = Release|Any CPU
		{C613478F-0EE8-4FA3-A781-6A9D4CE6F460}.Release|Any CPU.Build.0 = Release|Any CPU
		{3D345814-F3CF-4B93-917E-B65B5B01F29B}.Debug|Any CPU.ActiveCfg = Debug|Any CPU
		{3D345814-F3CF-4B93-917E-B65B5B01F29B}.Debug|Any CPU.Build.0 = Debug|Any CPU
		{3D345814-F3CF-4B93-917E-B65B5B01F29B}.Release|Any CPU.ActiveCfg = Release|Any CPU
		{3D345814-F3CF-4B93-917E-B65B5B01F29B}.Release|Any CPU.Build.0 = Release|Any CPU
		{0B48D7FB-E505-4697-8467-000693B52D88}.Debug|Any CPU.ActiveCfg = Debug|Any CPU
		{0B48D7FB-E505-4697-8467-000693B52D88}.Debug|Any CPU.Build.0 = Debug|Any CPU
		{0B48D7FB-E505-4697-8467-000693B52D88}.Release|Any CPU.ActiveCfg = Release|Any CPU
		{0B48D7FB-E505-4697-8467-000693B52D88}.Release|Any CPU.Build.0 = Release|Any CPU
		{897445EE-7697-47F5-9558-C9EFA88CF249}.Debug|Any CPU.ActiveCfg = Debug|Any CPU
		{897445EE-7697-47F5-9558-C9EFA88CF249}.Debug|Any CPU.Build.0 = Debug|Any CPU
		{897445EE-7697-47F5-9558-C9EFA88CF249}.Release|Any CPU.ActiveCfg = Release|Any CPU
		{897445EE-7697-47F5-9558-C9EFA88CF249}.Release|Any CPU.Build.0 = Release|Any CPU
		{9C8383C1-3C40-4A7A-8AA5-41FF21720C7B}.Debug|Any CPU.ActiveCfg = Debug|Any CPU
		{9C8383C1-3C40-4A7A-8AA5-41FF21720C7B}.Debug|Any CPU.Build.0 = Debug|Any CPU
		{9C8383C1-3C40-4A7A-8AA5-41FF21720C7B}.Release|Any CPU.ActiveCfg = Release|Any CPU
		{9C8383C1-3C40-4A7A-8AA5-41FF21720C7B}.Release|Any CPU.Build.0 = Release|Any CPU
	EndGlobalSection
	GlobalSection(SolutionProperties) = preSolution
		HideSolutionNode = FALSE
	EndGlobalSection
	GlobalSection(NestedProjects) = preSolution
		{8B211AE4-F041-4BEF-9754-4DE90C0646CD} = {6813B7F4-E541-4441-815A-E4A6FA1DFCD1}
		{8ED8F826-00E9-4413-BB54-3603D3A0C52D} = {6813B7F4-E541-4441-815A-E4A6FA1DFCD1}
		{52609794-4919-494B-9EE8-AE006D332AF5} = {6813B7F4-E541-4441-815A-E4A6FA1DFCD1}
		{EB3132DB-7653-4FEF-A575-F4E40E7E5DA1} = {4C913BDA-3562-4D1A-A867-73A3AB25F254}
		{856B7049-9B9C-4F1E-9207-51FBA5C3E99F} = {4C913BDA-3562-4D1A-A867-73A3AB25F254}
		{7CCFE4BD-A210-41E1-8589-80C3AC49DB2E} = {361C60DC-153B-4533-942A-410D4858D532}
		{BDAA1A4C-C085-49B4-969D-84E1B2428E9D} = {361C60DC-153B-4533-942A-410D4858D532}
		{B5385976-C31F-42DF-B1DB-54EA0F98FDC3} = {361C60DC-153B-4533-942A-410D4858D532}
		{C8B06C95-1B5D-4811-99C4-341B7109BC30} = {361C60DC-153B-4533-942A-410D4858D532}
		{A565D9FB-64E0-420C-A8A9-5F852EBA440E} = {361C60DC-153B-4533-942A-410D4858D532}
		{C613478F-0EE8-4FA3-A781-6A9D4CE6F460} = {361C60DC-153B-4533-942A-410D4858D532}
		{9C8383C1-3C40-4A7A-8AA5-41FF21720C7B} = {361C60DC-153B-4533-942A-410D4858D532}
		{3D345814-F3CF-4B93-917E-B65B5B01F29B} = {3AAFA25B-33C7-400F-81D2-425CEBEDFA18}
		{0B48D7FB-E505-4697-8467-000693B52D88} = {3AAFA25B-33C7-400F-81D2-425CEBEDFA18}
		{897445EE-7697-47F5-9558-C9EFA88CF249} = {3AAFA25B-33C7-400F-81D2-425CEBEDFA18}
	EndGlobalSection
EndGlobal
