
Microsoft Visual Studio Solution File, Format Version 11.00
# Visual C# Express 2010
Project("{FAE04EC0-301F-11D3-BF4B-00C04F79EFBC}") = "Neith.Signpost", "Neith.Signpost\Neith.Signpost.csproj", "{3C5F9F5B-547F-4FD1-90B8-56117E8BA522}"
EndProject
Project("{FAE04EC0-301F-11D3-BF4B-00C04F79EFBC}") = "Neith.Util", "..\..\..\neith-base\Neith.Util\src\Neith.Util\Neith.Util.csproj", "{B5385976-C31F-42DF-B1DB-54EA0F98FDC3}"
EndProject
Project("{FAE04EC0-301F-11D3-BF4B-00C04F79EFBC}") = "Neith.Util.Extensions", "..\..\..\neith-base\Neith.Util\src\Neith.Util.Extensions\Neith.Util.Extensions.csproj", "{BDAA1A4C-C085-49B4-969D-84E1B2428E9D}"
EndProject
Project("{FAE04EC0-301F-11D3-BF4B-00C04F79EFBC}") = "Neith.Util.RX", "..\..\..\neith-base\Neith.Util\src\Neith.Util.RX\Neith.Util.RX.csproj", "{C8B06C95-1B5D-4811-99C4-341B7109BC30}"
EndProject
Project("{FAE04EC0-301F-11D3-BF4B-00C04F79EFBC}") = "Neith.Logger", "Neith.Logger\Neith.Logger.csproj", "{A77FC188-4DAA-4AC1-9AA0-A4C60518383D}"
EndProject
Project("{FAE04EC0-301F-11D3-BF4B-00C04F79EFBC}") = "UnitTest", "UnitTest\UnitTest.csproj", "{8C7CAB0F-320E-4BD6-BB35-DEFA63F0BF8D}"
EndProject
Project("{FAE04EC0-301F-11D3-BF4B-00C04F79EFBC}") = "UnitTestRunner_40", "..\..\..\neith-base\UnitTestUtil\src\UnitTestRunner\UnitTestRunner_40.csproj", "{4168E853-7FAB-4C0A-BADD-9A3F47C05E20}"
EndProject
Project("{FAE04EC0-301F-11D3-BF4B-00C04F79EFBC}") = "Neith.Logger.Test", "Neith.Logger.Test\Neith.Logger.Test.csproj", "{A2F698A8-9AB0-4D07-AAC3-87B1AAB0B10C}"
EndProject
Project("{FAE04EC0-301F-11D3-BF4B-00C04F79EFBC}") = "UnitTestExtensions", "..\..\..\neith-base\UnitTestUtil\src\UnitTestExtensions\UnitTestExtensions.csproj", "{D6B57990-6E54-444C-A1CF-319C76B85E65}"
EndProject
Project("{FAE04EC0-301F-11D3-BF4B-00C04F79EFBC}") = "CustomWindow", "..\..\..\neith-base\externals\CustomWindow\CustomWindow\CustomWindow.csproj", "{2E8EFE10-ADF4-4B4F-B324-AA79021E39BD}"
EndProject
Project("{FAE04EC0-301F-11D3-BF4B-00C04F79EFBC}") = "Neith.Logger.Model", "Neith.Logger.Model\Neith.Logger.Model.csproj", "{0E957413-DF9E-4923-90AB-B58199142CDC}"
EndProject
Project("{FAE04EC0-301F-11D3-BF4B-00C04F79EFBC}") = "NotifyIconWpf", "..\..\..\neith-base\externals\wpf-notifyicon\NotifyIconWpf\NotifyIconWpf.csproj", "{7AC63864-7638-41C4-969C-D3197EF2BED9}"
EndProject
Project("{FAE04EC0-301F-11D3-BF4B-00C04F79EFBC}") = "FFXIVRuby", "FFXIVRuby\FFXIVRuby.csproj", "{0B48D7FB-E505-4697-8467-000693B52D88}"
EndProject
Project("{FAE04EC0-301F-11D3-BF4B-00C04F79EFBC}") = "FF14LogViewer", "FF14LogViewer\FF14LogViewer.csproj", "{A3CBA177-581F-4E5C-91BD-CF997D57D18D}"
EndProject
Global
	GlobalSection(SolutionConfigurationPlatforms) = preSolution
		Debug|Any CPU = Debug|Any CPU
		Debug|Mixed Platforms = Debug|Mixed Platforms
		Debug|x86 = Debug|x86
		Release|Any CPU = Release|Any CPU
		Release|Mixed Platforms = Release|Mixed Platforms
		Release|x86 = Release|x86
	EndGlobalSection
	GlobalSection(ProjectConfigurationPlatforms) = postSolution
		{3C5F9F5B-547F-4FD1-90B8-56117E8BA522}.Debug|Any CPU.ActiveCfg = Debug|Any CPU
		{3C5F9F5B-547F-4FD1-90B8-56117E8BA522}.Debug|Any CPU.Build.0 = Debug|Any CPU
		{3C5F9F5B-547F-4FD1-90B8-56117E8BA522}.Debug|Mixed Platforms.ActiveCfg = Debug|Any CPU
		{3C5F9F5B-547F-4FD1-90B8-56117E8BA522}.Debug|Mixed Platforms.Build.0 = Debug|Any CPU
		{3C5F9F5B-547F-4FD1-90B8-56117E8BA522}.Debug|x86.ActiveCfg = Debug|Any CPU
		{3C5F9F5B-547F-4FD1-90B8-56117E8BA522}.Release|Any CPU.ActiveCfg = Release|Any CPU
		{3C5F9F5B-547F-4FD1-90B8-56117E8BA522}.Release|Any CPU.Build.0 = Release|Any CPU
		{3C5F9F5B-547F-4FD1-90B8-56117E8BA522}.Release|Mixed Platforms.ActiveCfg = Release|Any CPU
		{3C5F9F5B-547F-4FD1-90B8-56117E8BA522}.Release|Mixed Platforms.Build.0 = Release|Any CPU
		{3C5F9F5B-547F-4FD1-90B8-56117E8BA522}.Release|x86.ActiveCfg = Release|Any CPU
		{B5385976-C31F-42DF-B1DB-54EA0F98FDC3}.Debug|Any CPU.ActiveCfg = Debug|Any CPU
		{B5385976-C31F-42DF-B1DB-54EA0F98FDC3}.Debug|Any CPU.Build.0 = Debug|Any CPU
		{B5385976-C31F-42DF-B1DB-54EA0F98FDC3}.Debug|Mixed Platforms.ActiveCfg = Debug|Any CPU
		{B5385976-C31F-42DF-B1DB-54EA0F98FDC3}.Debug|Mixed Platforms.Build.0 = Debug|Any CPU
		{B5385976-C31F-42DF-B1DB-54EA0F98FDC3}.Debug|x86.ActiveCfg = Debug|Any CPU
		{B5385976-C31F-42DF-B1DB-54EA0F98FDC3}.Release|Any CPU.ActiveCfg = Release|Any CPU
		{B5385976-C31F-42DF-B1DB-54EA0F98FDC3}.Release|Any CPU.Build.0 = Release|Any CPU
		{B5385976-C31F-42DF-B1DB-54EA0F98FDC3}.Release|Mixed Platforms.ActiveCfg = Release|Any CPU
		{B5385976-C31F-42DF-B1DB-54EA0F98FDC3}.Release|Mixed Platforms.Build.0 = Release|Any CPU
		{B5385976-C31F-42DF-B1DB-54EA0F98FDC3}.Release|x86.ActiveCfg = Release|Any CPU
		{BDAA1A4C-C085-49B4-969D-84E1B2428E9D}.Debug|Any CPU.ActiveCfg = Debug|Any CPU
		{BDAA1A4C-C085-49B4-969D-84E1B2428E9D}.Debug|Any CPU.Build.0 = Debug|Any CPU
		{BDAA1A4C-C085-49B4-969D-84E1B2428E9D}.Debug|Mixed Platforms.ActiveCfg = Debug|Any CPU
		{BDAA1A4C-C085-49B4-969D-84E1B2428E9D}.Debug|Mixed Platforms.Build.0 = Debug|Any CPU
		{BDAA1A4C-C085-49B4-969D-84E1B2428E9D}.Debug|x86.ActiveCfg = Debug|Any CPU
		{BDAA1A4C-C085-49B4-969D-84E1B2428E9D}.Release|Any CPU.ActiveCfg = Release|Any CPU
		{BDAA1A4C-C085-49B4-969D-84E1B2428E9D}.Release|Any CPU.Build.0 = Release|Any CPU
		{BDAA1A4C-C085-49B4-969D-84E1B2428E9D}.Release|Mixed Platforms.ActiveCfg = Release|Any CPU
		{BDAA1A4C-C085-49B4-969D-84E1B2428E9D}.Release|Mixed Platforms.Build.0 = Release|Any CPU
		{BDAA1A4C-C085-49B4-969D-84E1B2428E9D}.Release|x86.ActiveCfg = Release|Any CPU
		{C8B06C95-1B5D-4811-99C4-341B7109BC30}.Debug|Any CPU.ActiveCfg = Debug|Any CPU
		{C8B06C95-1B5D-4811-99C4-341B7109BC30}.Debug|Any CPU.Build.0 = Debug|Any CPU
		{C8B06C95-1B5D-4811-99C4-341B7109BC30}.Debug|Mixed Platforms.ActiveCfg = Debug|Any CPU
		{C8B06C95-1B5D-4811-99C4-341B7109BC30}.Debug|Mixed Platforms.Build.0 = Debug|Any CPU
		{C8B06C95-1B5D-4811-99C4-341B7109BC30}.Debug|x86.ActiveCfg = Debug|Any CPU
		{C8B06C95-1B5D-4811-99C4-341B7109BC30}.Release|Any CPU.ActiveCfg = Release|Any CPU
		{C8B06C95-1B5D-4811-99C4-341B7109BC30}.Release|Any CPU.Build.0 = Release|Any CPU
		{C8B06C95-1B5D-4811-99C4-341B7109BC30}.Release|Mixed Platforms.ActiveCfg = Release|Any CPU
		{C8B06C95-1B5D-4811-99C4-341B7109BC30}.Release|Mixed Platforms.Build.0 = Release|Any CPU
		{C8B06C95-1B5D-4811-99C4-341B7109BC30}.Release|x86.ActiveCfg = Release|Any CPU
		{A77FC188-4DAA-4AC1-9AA0-A4C60518383D}.Debug|Any CPU.ActiveCfg = Debug|Any CPU
		{A77FC188-4DAA-4AC1-9AA0-A4C60518383D}.Debug|Any CPU.Build.0 = Debug|Any CPU
		{A77FC188-4DAA-4AC1-9AA0-A4C60518383D}.Debug|Mixed Platforms.ActiveCfg = Debug|Any CPU
		{A77FC188-4DAA-4AC1-9AA0-A4C60518383D}.Debug|Mixed Platforms.Build.0 = Debug|Any CPU
		{A77FC188-4DAA-4AC1-9AA0-A4C60518383D}.Debug|x86.ActiveCfg = Debug|Any CPU
		{A77FC188-4DAA-4AC1-9AA0-A4C60518383D}.Release|Any CPU.ActiveCfg = Release|Any CPU
		{A77FC188-4DAA-4AC1-9AA0-A4C60518383D}.Release|Any CPU.Build.0 = Release|Any CPU
		{A77FC188-4DAA-4AC1-9AA0-A4C60518383D}.Release|Mixed Platforms.ActiveCfg = Release|Any CPU
		{A77FC188-4DAA-4AC1-9AA0-A4C60518383D}.Release|Mixed Platforms.Build.0 = Release|Any CPU
		{A77FC188-4DAA-4AC1-9AA0-A4C60518383D}.Release|x86.ActiveCfg = Release|Any CPU
		{8C7CAB0F-320E-4BD6-BB35-DEFA63F0BF8D}.Debug|Any CPU.ActiveCfg = Debug|Any CPU
		{8C7CAB0F-320E-4BD6-BB35-DEFA63F0BF8D}.Debug|Any CPU.Build.0 = Debug|Any CPU
		{8C7CAB0F-320E-4BD6-BB35-DEFA63F0BF8D}.Debug|Mixed Platforms.ActiveCfg = Debug|Any CPU
		{8C7CAB0F-320E-4BD6-BB35-DEFA63F0BF8D}.Debug|Mixed Platforms.Build.0 = Debug|Any CPU
		{8C7CAB0F-320E-4BD6-BB35-DEFA63F0BF8D}.Debug|x86.ActiveCfg = Debug|Any CPU
		{8C7CAB0F-320E-4BD6-BB35-DEFA63F0BF8D}.Release|Any CPU.ActiveCfg = Release|Any CPU
		{8C7CAB0F-320E-4BD6-BB35-DEFA63F0BF8D}.Release|Any CPU.Build.0 = Release|Any CPU
		{8C7CAB0F-320E-4BD6-BB35-DEFA63F0BF8D}.Release|Mixed Platforms.ActiveCfg = Release|Any CPU
		{8C7CAB0F-320E-4BD6-BB35-DEFA63F0BF8D}.Release|Mixed Platforms.Build.0 = Release|Any CPU
		{8C7CAB0F-320E-4BD6-BB35-DEFA63F0BF8D}.Release|x86.ActiveCfg = Release|Any CPU
		{4168E853-7FAB-4C0A-BADD-9A3F47C05E20}.Debug|Any CPU.ActiveCfg = Debug|Any CPU
		{4168E853-7FAB-4C0A-BADD-9A3F47C05E20}.Debug|Any CPU.Build.0 = Debug|Any CPU
		{4168E853-7FAB-4C0A-BADD-9A3F47C05E20}.Debug|Mixed Platforms.ActiveCfg = Debug|Any CPU
		{4168E853-7FAB-4C0A-BADD-9A3F47C05E20}.Debug|Mixed Platforms.Build.0 = Debug|Any CPU
		{4168E853-7FAB-4C0A-BADD-9A3F47C05E20}.Debug|x86.ActiveCfg = Debug|Any CPU
		{4168E853-7FAB-4C0A-BADD-9A3F47C05E20}.Release|Any CPU.ActiveCfg = Release|Any CPU
		{4168E853-7FAB-4C0A-BADD-9A3F47C05E20}.Release|Any CPU.Build.0 = Release|Any CPU
		{4168E853-7FAB-4C0A-BADD-9A3F47C05E20}.Release|Mixed Platforms.ActiveCfg = Release|Any CPU
		{4168E853-7FAB-4C0A-BADD-9A3F47C05E20}.Release|Mixed Platforms.Build.0 = Release|Any CPU
		{4168E853-7FAB-4C0A-BADD-9A3F47C05E20}.Release|x86.ActiveCfg = Release|Any CPU
		{A2F698A8-9AB0-4D07-AAC3-87B1AAB0B10C}.Debug|Any CPU.ActiveCfg = Debug|Any CPU
		{A2F698A8-9AB0-4D07-AAC3-87B1AAB0B10C}.Debug|Any CPU.Build.0 = Debug|Any CPU
		{A2F698A8-9AB0-4D07-AAC3-87B1AAB0B10C}.Debug|Mixed Platforms.ActiveCfg = Debug|Any CPU
		{A2F698A8-9AB0-4D07-AAC3-87B1AAB0B10C}.Debug|Mixed Platforms.Build.0 = Debug|Any CPU
		{A2F698A8-9AB0-4D07-AAC3-87B1AAB0B10C}.Debug|x86.ActiveCfg = Debug|Any CPU
		{A2F698A8-9AB0-4D07-AAC3-87B1AAB0B10C}.Release|Any CPU.ActiveCfg = Release|Any CPU
		{A2F698A8-9AB0-4D07-AAC3-87B1AAB0B10C}.Release|Any CPU.Build.0 = Release|Any CPU
		{A2F698A8-9AB0-4D07-AAC3-87B1AAB0B10C}.Release|Mixed Platforms.ActiveCfg = Release|Any CPU
		{A2F698A8-9AB0-4D07-AAC3-87B1AAB0B10C}.Release|Mixed Platforms.Build.0 = Release|Any CPU
		{A2F698A8-9AB0-4D07-AAC3-87B1AAB0B10C}.Release|x86.ActiveCfg = Release|Any CPU
		{D6B57990-6E54-444C-A1CF-319C76B85E65}.Debug|Any CPU.ActiveCfg = Debug|Any CPU
		{D6B57990-6E54-444C-A1CF-319C76B85E65}.Debug|Any CPU.Build.0 = Debug|Any CPU
		{D6B57990-6E54-444C-A1CF-319C76B85E65}.Debug|Mixed Platforms.ActiveCfg = Debug|Any CPU
		{D6B57990-6E54-444C-A1CF-319C76B85E65}.Debug|Mixed Platforms.Build.0 = Debug|Any CPU
		{D6B57990-6E54-444C-A1CF-319C76B85E65}.Debug|x86.ActiveCfg = Debug|Any CPU
		{D6B57990-6E54-444C-A1CF-319C76B85E65}.Release|Any CPU.ActiveCfg = Release|Any CPU
		{D6B57990-6E54-444C-A1CF-319C76B85E65}.Release|Any CPU.Build.0 = Release|Any CPU
		{D6B57990-6E54-444C-A1CF-319C76B85E65}.Release|Mixed Platforms.ActiveCfg = Release|Any CPU
		{D6B57990-6E54-444C-A1CF-319C76B85E65}.Release|Mixed Platforms.Build.0 = Release|Any CPU
		{D6B57990-6E54-444C-A1CF-319C76B85E65}.Release|x86.ActiveCfg = Release|Any CPU
		{2E8EFE10-ADF4-4B4F-B324-AA79021E39BD}.Debug|Any CPU.ActiveCfg = Debug|Any CPU
		{2E8EFE10-ADF4-4B4F-B324-AA79021E39BD}.Debug|Any CPU.Build.0 = Debug|Any CPU
		{2E8EFE10-ADF4-4B4F-B324-AA79021E39BD}.Debug|Mixed Platforms.ActiveCfg = Debug|Any CPU
		{2E8EFE10-ADF4-4B4F-B324-AA79021E39BD}.Debug|Mixed Platforms.Build.0 = Debug|Any CPU
		{2E8EFE10-ADF4-4B4F-B324-AA79021E39BD}.Debug|x86.ActiveCfg = Debug|Any CPU
		{2E8EFE10-ADF4-4B4F-B324-AA79021E39BD}.Release|Any CPU.ActiveCfg = Release|Any CPU
		{2E8EFE10-ADF4-4B4F-B324-AA79021E39BD}.Release|Any CPU.Build.0 = Release|Any CPU
		{2E8EFE10-ADF4-4B4F-B324-AA79021E39BD}.Release|Mixed Platforms.ActiveCfg = Release|Any CPU
		{2E8EFE10-ADF4-4B4F-B324-AA79021E39BD}.Release|Mixed Platforms.Build.0 = Release|Any CPU
		{2E8EFE10-ADF4-4B4F-B324-AA79021E39BD}.Release|x86.ActiveCfg = Release|Any CPU
		{0E957413-DF9E-4923-90AB-B58199142CDC}.Debug|Any CPU.ActiveCfg = Debug|Any CPU
		{0E957413-DF9E-4923-90AB-B58199142CDC}.Debug|Any CPU.Build.0 = Debug|Any CPU
		{0E957413-DF9E-4923-90AB-B58199142CDC}.Debug|Mixed Platforms.ActiveCfg = Debug|Any CPU
		{0E957413-DF9E-4923-90AB-B58199142CDC}.Debug|Mixed Platforms.Build.0 = Debug|Any CPU
		{0E957413-DF9E-4923-90AB-B58199142CDC}.Debug|x86.ActiveCfg = Debug|Any CPU
		{0E957413-DF9E-4923-90AB-B58199142CDC}.Release|Any CPU.ActiveCfg = Release|Any CPU
		{0E957413-DF9E-4923-90AB-B58199142CDC}.Release|Any CPU.Build.0 = Release|Any CPU
		{0E957413-DF9E-4923-90AB-B58199142CDC}.Release|Mixed Platforms.ActiveCfg = Release|Any CPU
		{0E957413-DF9E-4923-90AB-B58199142CDC}.Release|Mixed Platforms.Build.0 = Release|Any CPU
		{0E957413-DF9E-4923-90AB-B58199142CDC}.Release|x86.ActiveCfg = Release|Any CPU
		{7AC63864-7638-41C4-969C-D3197EF2BED9}.Debug|Any CPU.ActiveCfg = Debug|Any CPU
		{7AC63864-7638-41C4-969C-D3197EF2BED9}.Debug|Any CPU.Build.0 = Debug|Any CPU
		{7AC63864-7638-41C4-969C-D3197EF2BED9}.Debug|Mixed Platforms.ActiveCfg = Debug|Any CPU
		{7AC63864-7638-41C4-969C-D3197EF2BED9}.Debug|Mixed Platforms.Build.0 = Debug|Any CPU
		{7AC63864-7638-41C4-969C-D3197EF2BED9}.Debug|x86.ActiveCfg = Debug|Any CPU
		{7AC63864-7638-41C4-969C-D3197EF2BED9}.Release|Any CPU.ActiveCfg = Release|Any CPU
		{7AC63864-7638-41C4-969C-D3197EF2BED9}.Release|Any CPU.Build.0 = Release|Any CPU
		{7AC63864-7638-41C4-969C-D3197EF2BED9}.Release|Mixed Platforms.ActiveCfg = Release|Any CPU
		{7AC63864-7638-41C4-969C-D3197EF2BED9}.Release|Mixed Platforms.Build.0 = Release|Any CPU
		{7AC63864-7638-41C4-969C-D3197EF2BED9}.Release|x86.ActiveCfg = Release|Any CPU
		{0B48D7FB-E505-4697-8467-000693B52D88}.Debug|Any CPU.ActiveCfg = Debug|Any CPU
		{0B48D7FB-E505-4697-8467-000693B52D88}.Debug|Any CPU.Build.0 = Debug|Any CPU
		{0B48D7FB-E505-4697-8467-000693B52D88}.Debug|Mixed Platforms.ActiveCfg = Debug|Any CPU
		{0B48D7FB-E505-4697-8467-000693B52D88}.Debug|Mixed Platforms.Build.0 = Debug|Any CPU
		{0B48D7FB-E505-4697-8467-000693B52D88}.Debug|x86.ActiveCfg = Debug|Any CPU
		{0B48D7FB-E505-4697-8467-000693B52D88}.Release|Any CPU.ActiveCfg = Release|Any CPU
		{0B48D7FB-E505-4697-8467-000693B52D88}.Release|Any CPU.Build.0 = Release|Any CPU
		{0B48D7FB-E505-4697-8467-000693B52D88}.Release|Mixed Platforms.ActiveCfg = Release|Any CPU
		{0B48D7FB-E505-4697-8467-000693B52D88}.Release|Mixed Platforms.Build.0 = Release|Any CPU
		{0B48D7FB-E505-4697-8467-000693B52D88}.Release|x86.ActiveCfg = Release|Any CPU
		{A3CBA177-581F-4E5C-91BD-CF997D57D18D}.Debug|Any CPU.ActiveCfg = Debug|Any CPU
		{A3CBA177-581F-4E5C-91BD-CF997D57D18D}.Debug|Mixed Platforms.ActiveCfg = Debug|Any CPU
		{A3CBA177-581F-4E5C-91BD-CF997D57D18D}.Debug|Mixed Platforms.Build.0 = Debug|Any CPU
		{A3CBA177-581F-4E5C-91BD-CF997D57D18D}.Debug|x86.ActiveCfg = Debug|Any CPU
		{A3CBA177-581F-4E5C-91BD-CF997D57D18D}.Release|Any CPU.ActiveCfg = Release|Any CPU
		{A3CBA177-581F-4E5C-91BD-CF997D57D18D}.Release|Mixed Platforms.ActiveCfg = Release|Any CPU
		{A3CBA177-581F-4E5C-91BD-CF997D57D18D}.Release|Mixed Platforms.Build.0 = Release|Any CPU
		{A3CBA177-581F-4E5C-91BD-CF997D57D18D}.Release|x86.ActiveCfg = Release|Any CPU
	EndGlobalSection
	GlobalSection(SolutionProperties) = preSolution
		HideSolutionNode = FALSE
	EndGlobalSection
EndGlobal
