
Microsoft Visual Studio Solution File, Format Version 10.00
# Visual Studio 2008
Project("{FAE04EC0-301F-11D3-BF4B-00C04F79EFBC}") = "UnitTestRunner", "UnitTestRunner\UnitTestRunner.csproj", "{4168E853-7FAB-4C0A-BADD-9A3F47C05E20}"
EndProject
Project("{FAE04EC0-301F-11D3-BF4B-00C04F79EFBC}") = "UnitTestExtensions", "UnitTestExtensions\UnitTestExtensions.csproj", "{D6B57990-6E54-444C-A1CF-319C76B85E65}"
EndProject
Global
	GlobalSection(SolutionConfigurationPlatforms) = preSolution
		Debug|Any CPU = Debug|Any CPU
		Release|Any CPU = Release|Any CPU
	EndGlobalSection
	GlobalSection(ProjectConfigurationPlatforms) = postSolution
		{4168E853-7FAB-4C0A-BADD-9A3F47C05E20}.Debug|Any CPU.ActiveCfg = Debug|Any CPU
		{4168E853-7FAB-4C0A-BADD-9A3F47C05E20}.Debug|Any CPU.Build.0 = Debug|Any CPU
		{4168E853-7FAB-4C0A-BADD-9A3F47C05E20}.Release|Any CPU.ActiveCfg = Release|Any CPU
		{4168E853-7FAB-4C0A-BADD-9A3F47C05E20}.Release|Any CPU.Build.0 = Release|Any CPU
		{D6B57990-6E54-444C-A1CF-319C76B85E65}.Debug|Any CPU.ActiveCfg = Debug|Any CPU
		{D6B57990-6E54-444C-A1CF-319C76B85E65}.Debug|Any CPU.Build.0 = Debug|Any CPU
		{D6B57990-6E54-444C-A1CF-319C76B85E65}.Release|Any CPU.ActiveCfg = Release|Any CPU
		{D6B57990-6E54-444C-A1CF-319C76B85E65}.Release|Any CPU.Build.0 = Release|Any CPU
	EndGlobalSection
	GlobalSection(SolutionProperties) = preSolution
		HideSolutionNode = FALSE
	EndGlobalSection
EndGlobal
