
Microsoft Visual Studio Solution File, Format Version 11.00
# Visual Studio 2010
Project("{2150E333-8FDC-42A3-9474-1A3956D46DE8}") = "Model", "Model", "{7647A6E2-8464-490A-A316-6C13CC66B922}"
EndProject
Project("{FAE04EC0-301F-11D3-BF4B-00C04F79EFBC}") = "Neith.Signpost.Services.Web", "Neith.Signpost.Services.Web\Neith.Signpost.Services.Web.csproj", "{0E48898E-0855-4E25-8F98-BE9797A3D1B5}"
EndProject
Project("{FAE04EC0-301F-11D3-BF4B-00C04F79EFBC}") = "Neith.Signpost.Services", "Neith.Signpost.Services\Neith.Signpost.Services.csproj", "{E20A6ABF-89E7-42FD-9E1F-94D062927667}"
	ProjectSection(ProjectDependencies) = postProject
		{0E48898E-0855-4E25-8F98-BE9797A3D1B5} = {0E48898E-0855-4E25-8F98-BE9797A3D1B5}
		{0E48898E-0855-4E25-8F98-BE9797A3D1B5} = {0E48898E-0855-4E25-8F98-BE9797A3D1B5}
	EndProjectSection
EndProject
Project("{FAE04EC0-301F-11D3-BF4B-00C04F79EFBC}") = "Neith.Signpost.SL", "Neith.Signpost.SL\Neith.Signpost.SL.csproj", "{DF83B1FA-5F97-4BAF-A7E3-D5816530BDD2}"
EndProject
Project("{FAE04EC0-301F-11D3-BF4B-00C04F79EFBC}") = "Neith.Signpost.SL.Web", "Neith.Signpost.SL.Web\Neith.Signpost.SL.Web.csproj", "{A1227D10-8474-4CF6-8477-0A4767317896}"
	ProjectSection(ProjectDependencies) = postProject
		{DF83B1FA-5F97-4BAF-A7E3-D5816530BDD2} = {DF83B1FA-5F97-4BAF-A7E3-D5816530BDD2}
	EndProjectSection
EndProject
Project("{FAE04EC0-301F-11D3-BF4B-00C04F79EFBC}") = "Neith.Signpost", "Neith.Signpost\Neith.Signpost.csproj", "{0BE45C41-2D93-4C88-9C88-4D72D98D1952}"
EndProject
Project("{2150E333-8FDC-42A3-9474-1A3956D46DE8}") = "Util", "Util", "{65042897-0AF6-413F-85ED-05DF476E117A}"
EndProject
Project("{FAE04EC0-301F-11D3-BF4B-00C04F79EFBC}") = "Neith.Util", "..\..\Neith.Util\src\Neith.Util\Neith.Util.csproj", "{B5385976-C31F-42DF-B1DB-54EA0F98FDC3}"
EndProject
Project("{FAE04EC0-301F-11D3-BF4B-00C04F79EFBC}") = "Neith.Util.Extend", "..\..\Neith.Util\src\Neith.Util.Extend\Neith.Util.Extend.csproj", "{7CCFE4BD-A210-41E1-8589-80C3AC49DB2E}"
EndProject
Project("{FAE04EC0-301F-11D3-BF4B-00C04F79EFBC}") = "Neith.Util.Extensions", "..\..\Neith.Util\src\Neith.Util.Extensions\Neith.Util.Extensions.csproj", "{BDAA1A4C-C085-49B4-969D-84E1B2428E9D}"
EndProject
Project("{FAE04EC0-301F-11D3-BF4B-00C04F79EFBC}") = "Neith.Util.RX", "..\..\Neith.Util\src\Neith.Util.RX\Neith.Util.RX.csproj", "{C8B06C95-1B5D-4811-99C4-341B7109BC30}"
EndProject
Project("{FAE04EC0-301F-11D3-BF4B-00C04F79EFBC}") = "Neith.Util.RX.Net", "..\..\Neith.Util\src\Neith.Util.RX.Net\Neith.Util.RX.Net.csproj", "{1CF324EB-0F1C-412E-BC2A-D153A820D9E1}"
EndProject
Project("{FAE04EC0-301F-11D3-BF4B-00C04F79EFBC}") = "Neith.Util.Input", "..\..\Neith.Util\src\Neith.Util.Input\Neith.Util.Input.csproj", "{A565D9FB-64E0-420C-A8A9-5F852EBA440E}"
EndProject
Project("{2150E333-8FDC-42A3-9474-1A3956D46DE8}") = "App", "App", "{35FEBCDE-8D10-41E2-A7F8-ACA610D74F0B}"
EndProject
Project("{2150E333-8FDC-42A3-9474-1A3956D46DE8}") = "UI", "UI", "{EC2C58B6-DE50-4619-964E-02D24C6A6BAB}"
EndProject
Global
	GlobalSection(SolutionConfigurationPlatforms) = preSolution
		Debug|Any CPU = Debug|Any CPU
		Debug|Mixed Platforms = Debug|Mixed Platforms
		Debug|x86 = Debug|x86
		Release|Any CPU = Release|Any CPU
		Release|Mixed Platforms = Release|Mixed Platforms
		Release|x86 = Release|x86
	EndGlobalSection
	GlobalSection(ProjectConfigurationPlatforms) = postSolution
		{0E48898E-0855-4E25-8F98-BE9797A3D1B5}.Debug|Any CPU.ActiveCfg = Debug|Any CPU
		{0E48898E-0855-4E25-8F98-BE9797A3D1B5}.Debug|Any CPU.Build.0 = Debug|Any CPU
		{0E48898E-0855-4E25-8F98-BE9797A3D1B5}.Debug|Mixed Platforms.ActiveCfg = Debug|Any CPU
		{0E48898E-0855-4E25-8F98-BE9797A3D1B5}.Debug|Mixed Platforms.Build.0 = Debug|Any CPU
		{0E48898E-0855-4E25-8F98-BE9797A3D1B5}.Debug|x86.ActiveCfg = Debug|Any CPU
		{0E48898E-0855-4E25-8F98-BE9797A3D1B5}.Release|Any CPU.ActiveCfg = Release|Any CPU
		{0E48898E-0855-4E25-8F98-BE9797A3D1B5}.Release|Any CPU.Build.0 = Release|Any CPU
		{0E48898E-0855-4E25-8F98-BE9797A3D1B5}.Release|Mixed Platforms.ActiveCfg = Release|Any CPU
		{0E48898E-0855-4E25-8F98-BE9797A3D1B5}.Release|Mixed Platforms.Build.0 = Release|Any CPU
		{0E48898E-0855-4E25-8F98-BE9797A3D1B5}.Release|x86.ActiveCfg = Release|Any CPU
		{E20A6ABF-89E7-42FD-9E1F-94D062927667}.Debug|Any CPU.ActiveCfg = Debug|Any CPU
		{E20A6ABF-89E7-42FD-9E1F-94D062927667}.Debug|Any CPU.Build.0 = Debug|Any CPU
		{E20A6ABF-89E7-42FD-9E1F-94D062927667}.Debug|Mixed Platforms.ActiveCfg = Debug|Any CPU
		{E20A6ABF-89E7-42FD-9E1F-94D062927667}.Debug|Mixed Platforms.Build.0 = Debug|Any CPU
		{E20A6ABF-89E7-42FD-9E1F-94D062927667}.Debug|x86.ActiveCfg = Debug|Any CPU
		{E20A6ABF-89E7-42FD-9E1F-94D062927667}.Release|Any CPU.ActiveCfg = Release|Any CPU
		{E20A6ABF-89E7-42FD-9E1F-94D062927667}.Release|Any CPU.Build.0 = Release|Any CPU
		{E20A6ABF-89E7-42FD-9E1F-94D062927667}.Release|Mixed Platforms.ActiveCfg = Release|Any CPU
		{E20A6ABF-89E7-42FD-9E1F-94D062927667}.Release|Mixed Platforms.Build.0 = Release|Any CPU
		{E20A6ABF-89E7-42FD-9E1F-94D062927667}.Release|x86.ActiveCfg = Release|Any CPU
		{DF83B1FA-5F97-4BAF-A7E3-D5816530BDD2}.Debug|Any CPU.ActiveCfg = Debug|Any CPU
		{DF83B1FA-5F97-4BAF-A7E3-D5816530BDD2}.Debug|Any CPU.Build.0 = Debug|Any CPU
		{DF83B1FA-5F97-4BAF-A7E3-D5816530BDD2}.Debug|Mixed Platforms.ActiveCfg = Debug|Any CPU
		{DF83B1FA-5F97-4BAF-A7E3-D5816530BDD2}.Debug|Mixed Platforms.Build.0 = Debug|Any CPU
		{DF83B1FA-5F97-4BAF-A7E3-D5816530BDD2}.Debug|x86.ActiveCfg = Debug|Any CPU
		{DF83B1FA-5F97-4BAF-A7E3-D5816530BDD2}.Release|Any CPU.ActiveCfg = Release|Any CPU
		{DF83B1FA-5F97-4BAF-A7E3-D5816530BDD2}.Release|Any CPU.Build.0 = Release|Any CPU
		{DF83B1FA-5F97-4BAF-A7E3-D5816530BDD2}.Release|Mixed Platforms.ActiveCfg = Release|Any CPU
		{DF83B1FA-5F97-4BAF-A7E3-D5816530BDD2}.Release|Mixed Platforms.Build.0 = Release|Any CPU
		{DF83B1FA-5F97-4BAF-A7E3-D5816530BDD2}.Release|x86.ActiveCfg = Release|Any CPU
		{A1227D10-8474-4CF6-8477-0A4767317896}.Debug|Any CPU.ActiveCfg = Debug|Any CPU
		{A1227D10-8474-4CF6-8477-0A4767317896}.Debug|Any CPU.Build.0 = Debug|Any CPU
		{A1227D10-8474-4CF6-8477-0A4767317896}.Debug|Mixed Platforms.ActiveCfg = Debug|Any CPU
		{A1227D10-8474-4CF6-8477-0A4767317896}.Debug|Mixed Platforms.Build.0 = Debug|Any CPU
		{A1227D10-8474-4CF6-8477-0A4767317896}.Debug|x86.ActiveCfg = Debug|Any CPU
		{A1227D10-8474-4CF6-8477-0A4767317896}.Release|Any CPU.ActiveCfg = Release|Any CPU
		{A1227D10-8474-4CF6-8477-0A4767317896}.Release|Any CPU.Build.0 = Release|Any CPU
		{A1227D10-8474-4CF6-8477-0A4767317896}.Release|Mixed Platforms.ActiveCfg = Release|Any CPU
		{A1227D10-8474-4CF6-8477-0A4767317896}.Release|Mixed Platforms.Build.0 = Release|Any CPU
		{A1227D10-8474-4CF6-8477-0A4767317896}.Release|x86.ActiveCfg = Release|Any CPU
		{0BE45C41-2D93-4C88-9C88-4D72D98D1952}.Debug|Any CPU.ActiveCfg = Debug|Any CPU
		{0BE45C41-2D93-4C88-9C88-4D72D98D1952}.Debug|Any CPU.Build.0 = Debug|Any CPU
		{0BE45C41-2D93-4C88-9C88-4D72D98D1952}.Debug|Mixed Platforms.ActiveCfg = Debug|Any CPU
		{0BE45C41-2D93-4C88-9C88-4D72D98D1952}.Debug|Mixed Platforms.Build.0 = Debug|Any CPU
		{0BE45C41-2D93-4C88-9C88-4D72D98D1952}.Debug|x86.ActiveCfg = Debug|Any CPU
		{0BE45C41-2D93-4C88-9C88-4D72D98D1952}.Release|Any CPU.ActiveCfg = Release|Any CPU
		{0BE45C41-2D93-4C88-9C88-4D72D98D1952}.Release|Any CPU.Build.0 = Release|Any CPU
		{0BE45C41-2D93-4C88-9C88-4D72D98D1952}.Release|Mixed Platforms.ActiveCfg = Release|Any CPU
		{0BE45C41-2D93-4C88-9C88-4D72D98D1952}.Release|Mixed Platforms.Build.0 = Release|Any CPU
		{0BE45C41-2D93-4C88-9C88-4D72D98D1952}.Release|x86.ActiveCfg = Release|Any CPU
		{B5385976-C31F-42DF-B1DB-54EA0F98FDC3}.Debug|Any CPU.ActiveCfg = Debug|Any CPU
		{B5385976-C31F-42DF-B1DB-54EA0F98FDC3}.Debug|Any CPU.Build.0 = Debug|Any CPU
		{B5385976-C31F-42DF-B1DB-54EA0F98FDC3}.Debug|Mixed Platforms.ActiveCfg = Debug|Any CPU
		{B5385976-C31F-42DF-B1DB-54EA0F98FDC3}.Debug|Mixed Platforms.Build.0 = Debug|Any CPU
		{B5385976-C31F-42DF-B1DB-54EA0F98FDC3}.Debug|x86.ActiveCfg = Debug|Any CPU
		{B5385976-C31F-42DF-B1DB-54EA0F98FDC3}.Release|Any CPU.ActiveCfg = Release|Any CPU
		{B5385976-C31F-42DF-B1DB-54EA0F98FDC3}.Release|Any CPU.Build.0 = Release|Any CPU
		{B5385976-C31F-42DF-B1DB-54EA0F98FDC3}.Release|Mixed Platforms.ActiveCfg = Release|Any CPU
		{B5385976-C31F-42DF-B1DB-54EA0F98FDC3}.Release|Mixed Platforms.Build.0 = Release|Any CPU
		{B5385976-C31F-42DF-B1DB-54EA0F98FDC3}.Release|x86.ActiveCfg = Release|Any CPU
		{7CCFE4BD-A210-41E1-8589-80C3AC49DB2E}.Debug|Any CPU.ActiveCfg = Debug|Any CPU
		{7CCFE4BD-A210-41E1-8589-80C3AC49DB2E}.Debug|Any CPU.Build.0 = Debug|Any CPU
		{7CCFE4BD-A210-41E1-8589-80C3AC49DB2E}.Debug|Mixed Platforms.ActiveCfg = Debug|Any CPU
		{7CCFE4BD-A210-41E1-8589-80C3AC49DB2E}.Debug|Mixed Platforms.Build.0 = Debug|Any CPU
		{7CCFE4BD-A210-41E1-8589-80C3AC49DB2E}.Debug|x86.ActiveCfg = Debug|Any CPU
		{7CCFE4BD-A210-41E1-8589-80C3AC49DB2E}.Release|Any CPU.ActiveCfg = Release|Any CPU
		{7CCFE4BD-A210-41E1-8589-80C3AC49DB2E}.Release|Any CPU.Build.0 = Release|Any CPU
		{7CCFE4BD-A210-41E1-8589-80C3AC49DB2E}.Release|Mixed Platforms.ActiveCfg = Release|Any CPU
		{7CCFE4BD-A210-41E1-8589-80C3AC49DB2E}.Release|Mixed Platforms.Build.0 = Release|Any CPU
		{7CCFE4BD-A210-41E1-8589-80C3AC49DB2E}.Release|x86.ActiveCfg = Release|Any CPU
		{BDAA1A4C-C085-49B4-969D-84E1B2428E9D}.Debug|Any CPU.ActiveCfg = Debug|Any CPU
		{BDAA1A4C-C085-49B4-969D-84E1B2428E9D}.Debug|Any CPU.Build.0 = Debug|Any CPU
		{BDAA1A4C-C085-49B4-969D-84E1B2428E9D}.Debug|Mixed Platforms.ActiveCfg = Debug|Any CPU
		{BDAA1A4C-C085-49B4-969D-84E1B2428E9D}.Debug|Mixed Platforms.Build.0 = Debug|Any CPU
		{BDAA1A4C-C085-49B4-969D-84E1B2428E9D}.Debug|x86.ActiveCfg = Debug|Any CPU
		{BDAA1A4C-C085-49B4-969D-84E1B2428E9D}.Release|Any CPU.ActiveCfg = Release|Any CPU
		{BDAA1A4C-C085-49B4-969D-84E1B2428E9D}.Release|Any CPU.Build.0 = Release|Any CPU
		{BDAA1A4C-C085-49B4-969D-84E1B2428E9D}.Release|Mixed Platforms.ActiveCfg = Release|Any CPU
		{BDAA1A4C-C085-49B4-969D-84E1B2428E9D}.Release|Mixed Platforms.Build.0 = Release|Any CPU
		{BDAA1A4C-C085-49B4-969D-84E1B2428E9D}.Release|x86.ActiveCfg = Release|Any CPU
		{C8B06C95-1B5D-4811-99C4-341B7109BC30}.Debug|Any CPU.ActiveCfg = Debug|Any CPU
		{C8B06C95-1B5D-4811-99C4-341B7109BC30}.Debug|Any CPU.Build.0 = Debug|Any CPU
		{C8B06C95-1B5D-4811-99C4-341B7109BC30}.Debug|Mixed Platforms.ActiveCfg = Debug|Any CPU
		{C8B06C95-1B5D-4811-99C4-341B7109BC30}.Debug|Mixed Platforms.Build.0 = Debug|Any CPU
		{C8B06C95-1B5D-4811-99C4-341B7109BC30}.Debug|x86.ActiveCfg = Debug|Any CPU
		{C8B06C95-1B5D-4811-99C4-341B7109BC30}.Release|Any CPU.ActiveCfg = Release|Any CPU
		{C8B06C95-1B5D-4811-99C4-341B7109BC30}.Release|Any CPU.Build.0 = Release|Any CPU
		{C8B06C95-1B5D-4811-99C4-341B7109BC30}.Release|Mixed Platforms.ActiveCfg = Release|Any CPU
		{C8B06C95-1B5D-4811-99C4-341B7109BC30}.Release|Mixed Platforms.Build.0 = Release|Any CPU
		{C8B06C95-1B5D-4811-99C4-341B7109BC30}.Release|x86.ActiveCfg = Release|Any CPU
		{1CF324EB-0F1C-412E-BC2A-D153A820D9E1}.Debug|Any CPU.ActiveCfg = Debug|Any CPU
		{1CF324EB-0F1C-412E-BC2A-D153A820D9E1}.Debug|Any CPU.Build.0 = Debug|Any CPU
		{1CF324EB-0F1C-412E-BC2A-D153A820D9E1}.Debug|Mixed Platforms.ActiveCfg = Debug|Any CPU
		{1CF324EB-0F1C-412E-BC2A-D153A820D9E1}.Debug|Mixed Platforms.Build.0 = Debug|Any CPU
		{1CF324EB-0F1C-412E-BC2A-D153A820D9E1}.Debug|x86.ActiveCfg = Debug|Any CPU
		{1CF324EB-0F1C-412E-BC2A-D153A820D9E1}.Release|Any CPU.ActiveCfg = Release|Any CPU
		{1CF324EB-0F1C-412E-BC2A-D153A820D9E1}.Release|Any CPU.Build.0 = Release|Any CPU
		{1CF324EB-0F1C-412E-BC2A-D153A820D9E1}.Release|Mixed Platforms.ActiveCfg = Release|Any CPU
		{1CF324EB-0F1C-412E-BC2A-D153A820D9E1}.Release|Mixed Platforms.Build.0 = Release|Any CPU
		{1CF324EB-0F1C-412E-BC2A-D153A820D9E1}.Release|x86.ActiveCfg = Release|Any CPU
		{A565D9FB-64E0-420C-A8A9-5F852EBA440E}.Debug|Any CPU.ActiveCfg = Debug|Any CPU
		{A565D9FB-64E0-420C-A8A9-5F852EBA440E}.Debug|Any CPU.Build.0 = Debug|Any CPU
		{A565D9FB-64E0-420C-A8A9-5F852EBA440E}.Debug|Mixed Platforms.ActiveCfg = Debug|Any CPU
		{A565D9FB-64E0-420C-A8A9-5F852EBA440E}.Debug|Mixed Platforms.Build.0 = Debug|Any CPU
		{A565D9FB-64E0-420C-A8A9-5F852EBA440E}.Debug|x86.ActiveCfg = Debug|Any CPU
		{A565D9FB-64E0-420C-A8A9-5F852EBA440E}.Release|Any CPU.ActiveCfg = Release|Any CPU
		{A565D9FB-64E0-420C-A8A9-5F852EBA440E}.Release|Any CPU.Build.0 = Release|Any CPU
		{A565D9FB-64E0-420C-A8A9-5F852EBA440E}.Release|Mixed Platforms.ActiveCfg = Release|Any CPU
		{A565D9FB-64E0-420C-A8A9-5F852EBA440E}.Release|Mixed Platforms.Build.0 = Release|Any CPU
		{A565D9FB-64E0-420C-A8A9-5F852EBA440E}.Release|x86.ActiveCfg = Release|Any CPU
	EndGlobalSection
	GlobalSection(SolutionProperties) = preSolution
		HideSolutionNode = FALSE
	EndGlobalSection
	GlobalSection(NestedProjects) = preSolution
		{0E48898E-0855-4E25-8F98-BE9797A3D1B5} = {7647A6E2-8464-490A-A316-6C13CC66B922}
		{E20A6ABF-89E7-42FD-9E1F-94D062927667} = {7647A6E2-8464-490A-A316-6C13CC66B922}
		{A1227D10-8474-4CF6-8477-0A4767317896} = {EC2C58B6-DE50-4619-964E-02D24C6A6BAB}
		{DF83B1FA-5F97-4BAF-A7E3-D5816530BDD2} = {EC2C58B6-DE50-4619-964E-02D24C6A6BAB}
		{0BE45C41-2D93-4C88-9C88-4D72D98D1952} = {35FEBCDE-8D10-41E2-A7F8-ACA610D74F0B}
		{B5385976-C31F-42DF-B1DB-54EA0F98FDC3} = {65042897-0AF6-413F-85ED-05DF476E117A}
		{7CCFE4BD-A210-41E1-8589-80C3AC49DB2E} = {65042897-0AF6-413F-85ED-05DF476E117A}
		{BDAA1A4C-C085-49B4-969D-84E1B2428E9D} = {65042897-0AF6-413F-85ED-05DF476E117A}
		{C8B06C95-1B5D-4811-99C4-341B7109BC30} = {65042897-0AF6-413F-85ED-05DF476E117A}
		{1CF324EB-0F1C-412E-BC2A-D153A820D9E1} = {65042897-0AF6-413F-85ED-05DF476E117A}
		{A565D9FB-64E0-420C-A8A9-5F852EBA440E} = {65042897-0AF6-413F-85ED-05DF476E117A}
	EndGlobalSection
EndGlobal
